// !$*UTF8*$!
{
	archiveVersion = 1;
	classes = {
	};
	objectVersion = 46;
	objects = {

/* Begin PBXBuildFile section */
		7527EF891DFDA053009FF0D6 /* AuthController.swift in Sources */ = {isa = PBXBuildFile; fileRef = 7527EF881DFDA053009FF0D6 /* AuthController.swift */; };
		7527EF8C1DFDA5A0009FF0D6 /* Storage.swift in Sources */ = {isa = PBXBuildFile; fileRef = 7527EF8B1DFDA5A0009FF0D6 /* Storage.swift */; };
		7527EF8E1DFDC250009FF0D6 /* UserController.swift in Sources */ = {isa = PBXBuildFile; fileRef = 7527EF8D1DFDC250009FF0D6 /* UserController.swift */; };
		754FF6931DFC890500ACADAC /* CoreDataStack.swift in Sources */ = {isa = PBXBuildFile; fileRef = 754FF6921DFC890500ACADAC /* CoreDataStack.swift */; };
		754FF6991DFD5D1A00ACADAC /* ServerSettingsViewController.swift in Sources */ = {isa = PBXBuildFile; fileRef = 754FF6981DFD5D1A00ACADAC /* ServerSettingsViewController.swift */; };
		754FF6A31DFD7E0B00ACADAC /* MessengerKit.h in Headers */ = {isa = PBXBuildFile; fileRef = 754FF6A11DFD7E0B00ACADAC /* MessengerKit.h */; settings = {ATTRIBUTES = (Public, ); }; };
		754FF6A61DFD7E0B00ACADAC /* MessengerKit.framework in Frameworks */ = {isa = PBXBuildFile; fileRef = 754FF69F1DFD7E0B00ACADAC /* MessengerKit.framework */; };
		754FF6A71DFD7E0B00ACADAC /* MessengerKit.framework in Embed Frameworks */ = {isa = PBXBuildFile; fileRef = 754FF69F1DFD7E0B00ACADAC /* MessengerKit.framework */; settings = {ATTRIBUTES = (CodeSignOnCopy, RemoveHeadersOnCopy, ); }; };
		754FF6AC1DFD81D400ACADAC /* libresolv.9.tbd in Frameworks */ = {isa = PBXBuildFile; fileRef = 75CE04A01DF56D5500BBB700 /* libresolv.9.tbd */; };
		754FF6AD1DFD81F100ACADAC /* libmessenger.a in Frameworks */ = {isa = PBXBuildFile; fileRef = 75CE049E1DF56D4D00BBB700 /* libmessenger.a */; };
		754FF6D11DFD84A300ACADAC /* Configuration.h in Headers */ = {isa = PBXBuildFile; fileRef = 754FF6AF1DFD84A300ACADAC /* Configuration.h */; };
		754FF6D21DFD84A300ACADAC /* Configuration.m in Sources */ = {isa = PBXBuildFile; fileRef = 754FF6B01DFD84A300ACADAC /* Configuration.m */; };
		754FF6D41DFD84A300ACADAC /* LoginCallback.h in Headers */ = {isa = PBXBuildFile; fileRef = 754FF6B21DFD84A300ACADAC /* LoginCallback.h */; };
		754FF6D51DFD84A300ACADAC /* Message.h in Headers */ = {isa = PBXBuildFile; fileRef = 754FF6B31DFD84A300ACADAC /* Message.h */; };
		754FF6D61DFD84A300ACADAC /* Message.m in Sources */ = {isa = PBXBuildFile; fileRef = 754FF6B41DFD84A300ACADAC /* Message.m */; };
		754FF6D71DFD84A300ACADAC /* MessageContent.h in Headers */ = {isa = PBXBuildFile; fileRef = 754FF6B51DFD84A300ACADAC /* MessageContent.h */; };
		754FF6D81DFD84A300ACADAC /* MessageContent.m in Sources */ = {isa = PBXBuildFile; fileRef = 754FF6B61DFD84A300ACADAC /* MessageContent.m */; };
		754FF6D91DFD84A300ACADAC /* MessagesObserver.h in Headers */ = {isa = PBXBuildFile; fileRef = 754FF6B71DFD84A300ACADAC /* MessagesObserver.h */; };
		754FF6DA1DFD84A300ACADAC /* MessageStatusNotification.h in Headers */ = {isa = PBXBuildFile; fileRef = 754FF6B81DFD84A300ACADAC /* MessageStatusNotification.h */; };
		754FF6DB1DFD84A300ACADAC /* MessageStatusNotification.m in Sources */ = {isa = PBXBuildFile; fileRef = 754FF6B91DFD84A300ACADAC /* MessageStatusNotification.m */; };
		754FF6DC1DFD84A300ACADAC /* Messenger.h in Headers */ = {isa = PBXBuildFile; fileRef = 754FF6BA1DFD84A300ACADAC /* Messenger.h */; };
		754FF6DD1DFD84A300ACADAC /* Messenger.mm in Sources */ = {isa = PBXBuildFile; fileRef = 754FF6BB1DFD84A300ACADAC /* Messenger.mm */; };
		754FF6DE1DFD84A300ACADAC /* RequestUsersCallback.h in Headers */ = {isa = PBXBuildFile; fileRef = 754FF6BC1DFD84A300ACADAC /* RequestUsersCallback.h */; };
		754FF6DF1DFD84A300ACADAC /* SecurityPolicy.h in Headers */ = {isa = PBXBuildFile; fileRef = 754FF6BD1DFD84A300ACADAC /* SecurityPolicy.h */; };
		754FF6E01DFD84A300ACADAC /* SecurityPolicy.m in Sources */ = {isa = PBXBuildFile; fileRef = 754FF6BE1DFD84A300ACADAC /* SecurityPolicy.m */; };
		754FF6E11DFD84A300ACADAC /* Types.h in Headers */ = {isa = PBXBuildFile; fileRef = 754FF6BF1DFD84A300ACADAC /* Types.h */; };
		754FF6E21DFD84A300ACADAC /* User.h in Headers */ = {isa = PBXBuildFile; fileRef = 754FF6C01DFD84A300ACADAC /* User.h */; };
		754FF6E31DFD84A300ACADAC /* User.m in Sources */ = {isa = PBXBuildFile; fileRef = 754FF6C11DFD84A300ACADAC /* User.m */; };
		754FF6E41DFD84A300ACADAC /* Configuration+Interop.h in Headers */ = {isa = PBXBuildFile; fileRef = 754FF6C31DFD84A300ACADAC /* Configuration+Interop.h */; };
		754FF6E51DFD84A300ACADAC /* Configuration+Interop.mm in Sources */ = {isa = PBXBuildFile; fileRef = 754FF6C41DFD84A300ACADAC /* Configuration+Interop.mm */; };
		754FF6E61DFD84A300ACADAC /* Message+Interop.h in Headers */ = {isa = PBXBuildFile; fileRef = 754FF6C51DFD84A300ACADAC /* Message+Interop.h */; };
		754FF6E71DFD84A300ACADAC /* Message+Interop.mm in Sources */ = {isa = PBXBuildFile; fileRef = 754FF6C61DFD84A300ACADAC /* Message+Interop.mm */; };
		754FF6E81DFD84A300ACADAC /* MessageContent+Interop.h in Headers */ = {isa = PBXBuildFile; fileRef = 754FF6C71DFD84A300ACADAC /* MessageContent+Interop.h */; };
		754FF6E91DFD84A300ACADAC /* MessageContent+Interop.mm in Sources */ = {isa = PBXBuildFile; fileRef = 754FF6C81DFD84A300ACADAC /* MessageContent+Interop.mm */; };
		754FF6EA1DFD84A300ACADAC /* NSMutableArray+Interop.h in Headers */ = {isa = PBXBuildFile; fileRef = 754FF6C91DFD84A300ACADAC /* NSMutableArray+Interop.h */; };
		754FF6EB1DFD84A300ACADAC /* NSMutableArray+Interop.mm in Sources */ = {isa = PBXBuildFile; fileRef = 754FF6CA1DFD84A300ACADAC /* NSMutableArray+Interop.mm */; };
		754FF6EC1DFD84A300ACADAC /* NSString+Interop.h in Headers */ = {isa = PBXBuildFile; fileRef = 754FF6CB1DFD84A300ACADAC /* NSString+Interop.h */; };
		754FF6ED1DFD84A300ACADAC /* NSString+Interop.mm in Sources */ = {isa = PBXBuildFile; fileRef = 754FF6CC1DFD84A300ACADAC /* NSString+Interop.mm */; };
		754FF6EE1DFD84A300ACADAC /* SecurityPolicy+Interop.h in Headers */ = {isa = PBXBuildFile; fileRef = 754FF6CD1DFD84A300ACADAC /* SecurityPolicy+Interop.h */; };
		754FF6EF1DFD84A300ACADAC /* SecurityPolicy+Interop.mm in Sources */ = {isa = PBXBuildFile; fileRef = 754FF6CE1DFD84A300ACADAC /* SecurityPolicy+Interop.mm */; };
		754FF6F01DFD84A300ACADAC /* User+Interop.h in Headers */ = {isa = PBXBuildFile; fileRef = 754FF6CF1DFD84A300ACADAC /* User+Interop.h */; };
		754FF6F11DFD84A300ACADAC /* User+Interop.mm in Sources */ = {isa = PBXBuildFile; fileRef = 754FF6D01DFD84A300ACADAC /* User+Interop.mm */; };
		754FF6F41DFD951500ACADAC /* MessageController.swift in Sources */ = {isa = PBXBuildFile; fileRef = 754FF6F31DFD951500ACADAC /* MessageController.swift */; };
		7562AC0D1DF60AA100FF74DA /* UsersViewController.swift in Sources */ = {isa = PBXBuildFile; fileRef = 7562AC0C1DF60AA100FF74DA /* UsersViewController.swift */; };
		7562AC0F1DF6D47C00FF74DA /* ChatViewController.swift in Sources */ = {isa = PBXBuildFile; fileRef = 7562AC0E1DF6D47C00FF74DA /* ChatViewController.swift */; };
		75928F741E00379D00824F6C /* NotificationController.swift in Sources */ = {isa = PBXBuildFile; fileRef = 75928F731E00379D00824F6C /* NotificationController.swift */; };
		75BB07601DF8C2B500983FAE /* GCD.swift in Sources */ = {isa = PBXBuildFile; fileRef = 75BB075F1DF8C2B500983FAE /* GCD.swift */; };
		75CE04891DF56D0A00BBB700 /* AppDelegate.swift in Sources */ = {isa = PBXBuildFile; fileRef = 75CE04881DF56D0A00BBB700 /* AppDelegate.swift */; };
		75CE048B1DF56D0A00BBB700 /* LoginViewController.swift in Sources */ = {isa = PBXBuildFile; fileRef = 75CE048A1DF56D0A00BBB700 /* LoginViewController.swift */; };
		75CE048E1DF56D0A00BBB700 /* Main.storyboard in Resources */ = {isa = PBXBuildFile; fileRef = 75CE048C1DF56D0A00BBB700 /* Main.storyboard */; };
		75CE04911DF56D0A00BBB700 /* LeMessenger.xcdatamodeld in Sources */ = {isa = PBXBuildFile; fileRef = 75CE048F1DF56D0A00BBB700 /* LeMessenger.xcdatamodeld */; };
		75CE04931DF56D0A00BBB700 /* Assets.xcassets in Resources */ = {isa = PBXBuildFile; fileRef = 75CE04921DF56D0A00BBB700 /* Assets.xcassets */; };
/* End PBXBuildFile section */

/* Begin PBXContainerItemProxy section */
		754FF6A41DFD7E0B00ACADAC /* PBXContainerItemProxy */ = {
			isa = PBXContainerItemProxy;
			containerPortal = 75CE047D1DF56D0A00BBB700 /* Project object */;
			proxyType = 1;
			remoteGlobalIDString = 754FF69E1DFD7E0B00ACADAC;
			remoteInfo = MessengerKit;
		};
/* End PBXContainerItemProxy section */

/* Begin PBXCopyFilesBuildPhase section */
		754FF6AB1DFD7E0B00ACADAC /* Embed Frameworks */ = {
			isa = PBXCopyFilesBuildPhase;
			buildActionMask = 2147483647;
			dstPath = "";
			dstSubfolderSpec = 10;
			files = (
				754FF6A71DFD7E0B00ACADAC /* MessengerKit.framework in Embed Frameworks */,
			);
			name = "Embed Frameworks";
			runOnlyForDeploymentPostprocessing = 0;
		};
/* End PBXCopyFilesBuildPhase section */

/* Begin PBXFileReference section */
		7527EF881DFDA053009FF0D6 /* AuthController.swift */ = {isa = PBXFileReference; fileEncoding = 4; lastKnownFileType = sourcecode.swift; name = AuthController.swift; path = Controller/AuthController.swift; sourceTree = "<group>"; };
		7527EF8B1DFDA5A0009FF0D6 /* Storage.swift */ = {isa = PBXFileReference; fileEncoding = 4; lastKnownFileType = sourcecode.swift; name = Storage.swift; path = LeMessenger/CoreData/Storage.swift; sourceTree = "<group>"; };
		7527EF8D1DFDC250009FF0D6 /* UserController.swift */ = {isa = PBXFileReference; fileEncoding = 4; lastKnownFileType = sourcecode.swift; name = UserController.swift; path = Controller/UserController.swift; sourceTree = "<group>"; };
		754FF6921DFC890500ACADAC /* CoreDataStack.swift */ = {isa = PBXFileReference; fileEncoding = 4; lastKnownFileType = sourcecode.swift; path = CoreDataStack.swift; sourceTree = "<group>"; };
		754FF6981DFD5D1A00ACADAC /* ServerSettingsViewController.swift */ = {isa = PBXFileReference; fileEncoding = 4; lastKnownFileType = sourcecode.swift; path = ServerSettingsViewController.swift; sourceTree = "<group>"; };
		754FF69F1DFD7E0B00ACADAC /* MessengerKit.framework */ = {isa = PBXFileReference; explicitFileType = wrapper.framework; includeInIndex = 0; path = MessengerKit.framework; sourceTree = BUILT_PRODUCTS_DIR; };
		754FF6A11DFD7E0B00ACADAC /* MessengerKit.h */ = {isa = PBXFileReference; lastKnownFileType = sourcecode.c.h; path = MessengerKit.h; sourceTree = "<group>"; };
		754FF6A21DFD7E0B00ACADAC /* Info.plist */ = {isa = PBXFileReference; lastKnownFileType = text.plist.xml; path = Info.plist; sourceTree = "<group>"; };
		754FF6AF1DFD84A300ACADAC /* Configuration.h */ = {isa = PBXFileReference; fileEncoding = 4; lastKnownFileType = sourcecode.c.h; path = Configuration.h; sourceTree = "<group>"; };
		754FF6B01DFD84A300ACADAC /* Configuration.m */ = {isa = PBXFileReference; fileEncoding = 4; lastKnownFileType = sourcecode.c.objc; path = Configuration.m; sourceTree = "<group>"; };
		754FF6B21DFD84A300ACADAC /* LoginCallback.h */ = {isa = PBXFileReference; fileEncoding = 4; lastKnownFileType = sourcecode.c.h; path = LoginCallback.h; sourceTree = "<group>"; };
		754FF6B31DFD84A300ACADAC /* Message.h */ = {isa = PBXFileReference; fileEncoding = 4; lastKnownFileType = sourcecode.c.h; path = Message.h; sourceTree = "<group>"; };
		754FF6B41DFD84A300ACADAC /* Message.m */ = {isa = PBXFileReference; fileEncoding = 4; lastKnownFileType = sourcecode.c.objc; path = Message.m; sourceTree = "<group>"; };
		754FF6B51DFD84A300ACADAC /* MessageContent.h */ = {isa = PBXFileReference; fileEncoding = 4; lastKnownFileType = sourcecode.c.h; path = MessageContent.h; sourceTree = "<group>"; };
		754FF6B61DFD84A300ACADAC /* MessageContent.m */ = {isa = PBXFileReference; fileEncoding = 4; lastKnownFileType = sourcecode.c.objc; path = MessageContent.m; sourceTree = "<group>"; };
		754FF6B71DFD84A300ACADAC /* MessagesObserver.h */ = {isa = PBXFileReference; fileEncoding = 4; lastKnownFileType = sourcecode.c.h; path = MessagesObserver.h; sourceTree = "<group>"; };
		754FF6B81DFD84A300ACADAC /* MessageStatusNotification.h */ = {isa = PBXFileReference; fileEncoding = 4; lastKnownFileType = sourcecode.c.h; path = MessageStatusNotification.h; sourceTree = "<group>"; };
		754FF6B91DFD84A300ACADAC /* MessageStatusNotification.m */ = {isa = PBXFileReference; fileEncoding = 4; lastKnownFileType = sourcecode.c.objc; path = MessageStatusNotification.m; sourceTree = "<group>"; };
		754FF6BA1DFD84A300ACADAC /* Messenger.h */ = {isa = PBXFileReference; fileEncoding = 4; lastKnownFileType = sourcecode.c.h; path = Messenger.h; sourceTree = "<group>"; };
		754FF6BB1DFD84A300ACADAC /* Messenger.mm */ = {isa = PBXFileReference; fileEncoding = 4; lastKnownFileType = sourcecode.cpp.objcpp; path = Messenger.mm; sourceTree = "<group>"; };
		754FF6BC1DFD84A300ACADAC /* RequestUsersCallback.h */ = {isa = PBXFileReference; fileEncoding = 4; lastKnownFileType = sourcecode.c.h; path = RequestUsersCallback.h; sourceTree = "<group>"; };
		754FF6BD1DFD84A300ACADAC /* SecurityPolicy.h */ = {isa = PBXFileReference; fileEncoding = 4; lastKnownFileType = sourcecode.c.h; path = SecurityPolicy.h; sourceTree = "<group>"; };
		754FF6BE1DFD84A300ACADAC /* SecurityPolicy.m */ = {isa = PBXFileReference; fileEncoding = 4; lastKnownFileType = sourcecode.c.objc; path = SecurityPolicy.m; sourceTree = "<group>"; };
		754FF6BF1DFD84A300ACADAC /* Types.h */ = {isa = PBXFileReference; fileEncoding = 4; lastKnownFileType = sourcecode.c.h; path = Types.h; sourceTree = "<group>"; };
		754FF6C01DFD84A300ACADAC /* User.h */ = {isa = PBXFileReference; fileEncoding = 4; lastKnownFileType = sourcecode.c.h; path = User.h; sourceTree = "<group>"; };
		754FF6C11DFD84A300ACADAC /* User.m */ = {isa = PBXFileReference; fileEncoding = 4; lastKnownFileType = sourcecode.c.objc; path = User.m; sourceTree = "<group>"; };
		754FF6C31DFD84A300ACADAC /* Configuration+Interop.h */ = {isa = PBXFileReference; fileEncoding = 4; lastKnownFileType = sourcecode.c.h; path = "Configuration+Interop.h"; sourceTree = "<group>"; };
		754FF6C41DFD84A300ACADAC /* Configuration+Interop.mm */ = {isa = PBXFileReference; fileEncoding = 4; lastKnownFileType = sourcecode.cpp.objcpp; path = "Configuration+Interop.mm"; sourceTree = "<group>"; };
		754FF6C51DFD84A300ACADAC /* Message+Interop.h */ = {isa = PBXFileReference; fileEncoding = 4; lastKnownFileType = sourcecode.c.h; path = "Message+Interop.h"; sourceTree = "<group>"; };
		754FF6C61DFD84A300ACADAC /* Message+Interop.mm */ = {isa = PBXFileReference; fileEncoding = 4; lastKnownFileType = sourcecode.cpp.objcpp; path = "Message+Interop.mm"; sourceTree = "<group>"; };
		754FF6C71DFD84A300ACADAC /* MessageContent+Interop.h */ = {isa = PBXFileReference; fileEncoding = 4; lastKnownFileType = sourcecode.c.h; path = "MessageContent+Interop.h"; sourceTree = "<group>"; };
		754FF6C81DFD84A300ACADAC /* MessageContent+Interop.mm */ = {isa = PBXFileReference; fileEncoding = 4; lastKnownFileType = sourcecode.cpp.objcpp; path = "MessageContent+Interop.mm"; sourceTree = "<group>"; };
		754FF6C91DFD84A300ACADAC /* NSMutableArray+Interop.h */ = {isa = PBXFileReference; fileEncoding = 4; lastKnownFileType = sourcecode.c.h; path = "NSMutableArray+Interop.h"; sourceTree = "<group>"; };
		754FF6CA1DFD84A300ACADAC /* NSMutableArray+Interop.mm */ = {isa = PBXFileReference; fileEncoding = 4; lastKnownFileType = sourcecode.cpp.objcpp; path = "NSMutableArray+Interop.mm"; sourceTree = "<group>"; };
		754FF6CB1DFD84A300ACADAC /* NSString+Interop.h */ = {isa = PBXFileReference; fileEncoding = 4; lastKnownFileType = sourcecode.c.h; path = "NSString+Interop.h"; sourceTree = "<group>"; };
		754FF6CC1DFD84A300ACADAC /* NSString+Interop.mm */ = {isa = PBXFileReference; fileEncoding = 4; lastKnownFileType = sourcecode.cpp.objcpp; path = "NSString+Interop.mm"; sourceTree = "<group>"; };
		754FF6CD1DFD84A300ACADAC /* SecurityPolicy+Interop.h */ = {isa = PBXFileReference; fileEncoding = 4; lastKnownFileType = sourcecode.c.h; path = "SecurityPolicy+Interop.h"; sourceTree = "<group>"; };
		754FF6CE1DFD84A300ACADAC /* SecurityPolicy+Interop.mm */ = {isa = PBXFileReference; fileEncoding = 4; lastKnownFileType = sourcecode.cpp.objcpp; path = "SecurityPolicy+Interop.mm"; sourceTree = "<group>"; };
		754FF6CF1DFD84A300ACADAC /* User+Interop.h */ = {isa = PBXFileReference; fileEncoding = 4; lastKnownFileType = sourcecode.c.h; path = "User+Interop.h"; sourceTree = "<group>"; };
		754FF6D01DFD84A300ACADAC /* User+Interop.mm */ = {isa = PBXFileReference; fileEncoding = 4; lastKnownFileType = sourcecode.cpp.objcpp; path = "User+Interop.mm"; sourceTree = "<group>"; };
		754FF6F31DFD951500ACADAC /* MessageController.swift */ = {isa = PBXFileReference; fileEncoding = 4; lastKnownFileType = sourcecode.swift; name = MessageController.swift; path = Controller/MessageController.swift; sourceTree = "<group>"; };
		7562AC0C1DF60AA100FF74DA /* UsersViewController.swift */ = {isa = PBXFileReference; fileEncoding = 4; lastKnownFileType = sourcecode.swift; path = UsersViewController.swift; sourceTree = "<group>"; };
		7562AC0E1DF6D47C00FF74DA /* ChatViewController.swift */ = {isa = PBXFileReference; fileEncoding = 4; lastKnownFileType = sourcecode.swift; path = ChatViewController.swift; sourceTree = "<group>"; };
		75928F731E00379D00824F6C /* NotificationController.swift */ = {isa = PBXFileReference; fileEncoding = 4; lastKnownFileType = sourcecode.swift; name = NotificationController.swift; path = Controller/NotificationController.swift; sourceTree = "<group>"; };
		75BB075F1DF8C2B500983FAE /* GCD.swift */ = {isa = PBXFileReference; fileEncoding = 4; lastKnownFileType = sourcecode.swift; path = GCD.swift; sourceTree = "<group>"; };
		75CE04851DF56D0A00BBB700 /* LeMessenger.app */ = {isa = PBXFileReference; explicitFileType = wrapper.application; includeInIndex = 0; path = LeMessenger.app; sourceTree = BUILT_PRODUCTS_DIR; };
		75CE04881DF56D0A00BBB700 /* AppDelegate.swift */ = {isa = PBXFileReference; lastKnownFileType = sourcecode.swift; path = AppDelegate.swift; sourceTree = "<group>"; };
		75CE048A1DF56D0A00BBB700 /* LoginViewController.swift */ = {isa = PBXFileReference; lastKnownFileType = sourcecode.swift; path = LoginViewController.swift; sourceTree = "<group>"; };
		75CE048D1DF56D0A00BBB700 /* Base */ = {isa = PBXFileReference; lastKnownFileType = file.storyboard; name = Base; path = Base.lproj/Main.storyboard; sourceTree = "<group>"; };
		75CE04901DF56D0A00BBB700 /* LeMessenger.xcdatamodel */ = {isa = PBXFileReference; lastKnownFileType = wrapper.xcdatamodel; path = LeMessenger.xcdatamodel; sourceTree = "<group>"; };
		75CE04921DF56D0A00BBB700 /* Assets.xcassets */ = {isa = PBXFileReference; lastKnownFileType = folder.assetcatalog; path = Assets.xcassets; sourceTree = "<group>"; };
		75CE04971DF56D0A00BBB700 /* Info.plist */ = {isa = PBXFileReference; lastKnownFileType = text.plist.xml; path = Info.plist; sourceTree = "<group>"; };
		75CE049E1DF56D4D00BBB700 /* libmessenger.a */ = {isa = PBXFileReference; lastKnownFileType = archive.ar; name = libmessenger.a; path = LibMessenger/libmessenger.a; sourceTree = "<group>"; };
		75CE04A01DF56D5500BBB700 /* libresolv.9.tbd */ = {isa = PBXFileReference; lastKnownFileType = "sourcecode.text-based-dylib-definition"; name = libresolv.9.tbd; path = usr/lib/libresolv.9.tbd; sourceTree = SDKROOT; };
/* End PBXFileReference section */

/* Begin PBXFrameworksBuildPhase section */
		754FF69B1DFD7E0B00ACADAC /* Frameworks */ = {
			isa = PBXFrameworksBuildPhase;
			buildActionMask = 2147483647;
			files = (
				754FF6AC1DFD81D400ACADAC /* libresolv.9.tbd in Frameworks */,
				754FF6AD1DFD81F100ACADAC /* libmessenger.a in Frameworks */,
			);
			runOnlyForDeploymentPostprocessing = 0;
		};
		75CE04821DF56D0A00BBB700 /* Frameworks */ = {
			isa = PBXFrameworksBuildPhase;
			buildActionMask = 2147483647;
			files = (
				754FF6A61DFD7E0B00ACADAC /* MessengerKit.framework in Frameworks */,
			);
			runOnlyForDeploymentPostprocessing = 0;
		};
/* End PBXFrameworksBuildPhase section */

/* Begin PBXGroup section */
		7527EF8A1DFDA55A009FF0D6 /* Callbacks */ = {
			isa = PBXGroup;
			children = (
				754FF6B21DFD84A300ACADAC /* LoginCallback.h */,
				754FF6B71DFD84A300ACADAC /* MessagesObserver.h */,
				754FF6BC1DFD84A300ACADAC /* RequestUsersCallback.h */,
			);
			name = Callbacks;
			path = Model;
			sourceTree = "<group>";
		};
		754FF6A01DFD7E0B00ACADAC /* MessengerKit */ = {
			isa = PBXGroup;
			children = (
				7527EF8A1DFDA55A009FF0D6 /* Callbacks */,
				754FF6AE1DFD84A300ACADAC /* Model */,
				754FF6C21DFD84A300ACADAC /* Categories */,
				754FF6A11DFD7E0B00ACADAC /* MessengerKit.h */,
				754FF6A21DFD7E0B00ACADAC /* Info.plist */,
			);
			path = MessengerKit;
			sourceTree = "<group>";
		};
		754FF6AE1DFD84A300ACADAC /* Model */ = {
			isa = PBXGroup;
			children = (
				754FF6AF1DFD84A300ACADAC /* Configuration.h */,
				754FF6B01DFD84A300ACADAC /* Configuration.m */,
				754FF6B31DFD84A300ACADAC /* Message.h */,
				754FF6B41DFD84A300ACADAC /* Message.m */,
				754FF6B51DFD84A300ACADAC /* MessageContent.h */,
				754FF6B61DFD84A300ACADAC /* MessageContent.m */,
				754FF6B81DFD84A300ACADAC /* MessageStatusNotification.h */,
				754FF6B91DFD84A300ACADAC /* MessageStatusNotification.m */,
				754FF6BA1DFD84A300ACADAC /* Messenger.h */,
				754FF6BB1DFD84A300ACADAC /* Messenger.mm */,
				754FF6BD1DFD84A300ACADAC /* SecurityPolicy.h */,
				754FF6BE1DFD84A300ACADAC /* SecurityPolicy.m */,
				754FF6BF1DFD84A300ACADAC /* Types.h */,
				754FF6C01DFD84A300ACADAC /* User.h */,
				754FF6C11DFD84A300ACADAC /* User.m */,
			);
			path = Model;
			sourceTree = "<group>";
		};
		754FF6C21DFD84A300ACADAC /* Categories */ = {
			isa = PBXGroup;
			children = (
				754FF6C31DFD84A300ACADAC /* Configuration+Interop.h */,
				754FF6C41DFD84A300ACADAC /* Configuration+Interop.mm */,
				754FF6C51DFD84A300ACADAC /* Message+Interop.h */,
				754FF6C61DFD84A300ACADAC /* Message+Interop.mm */,
				754FF6C71DFD84A300ACADAC /* MessageContent+Interop.h */,
				754FF6C81DFD84A300ACADAC /* MessageContent+Interop.mm */,
				754FF6C91DFD84A300ACADAC /* NSMutableArray+Interop.h */,
				754FF6CA1DFD84A300ACADAC /* NSMutableArray+Interop.mm */,
				754FF6CB1DFD84A300ACADAC /* NSString+Interop.h */,
				754FF6CC1DFD84A300ACADAC /* NSString+Interop.mm */,
				754FF6CD1DFD84A300ACADAC /* SecurityPolicy+Interop.h */,
				754FF6CE1DFD84A300ACADAC /* SecurityPolicy+Interop.mm */,
				754FF6CF1DFD84A300ACADAC /* User+Interop.h */,
				754FF6D01DFD84A300ACADAC /* User+Interop.mm */,
			);
			path = Categories;
			sourceTree = "<group>";
		};
		754FF6F21DFD925300ACADAC /* Controller */ = {
			isa = PBXGroup;
			children = (
				754FF6F31DFD951500ACADAC /* MessageController.swift */,
				7527EF881DFDA053009FF0D6 /* AuthController.swift */,
				7527EF8D1DFDC250009FF0D6 /* UserController.swift */,
				75928F731E00379D00824F6C /* NotificationController.swift */,
			);
			name = Controller;
			sourceTree = "<group>";
		};
		754FF6FD1DFD9B5D00ACADAC /* Core Data */ = {
			isa = PBXGroup;
			children = (
				7527EF8B1DFDA5A0009FF0D6 /* Storage.swift */,
			);
			name = "Core Data";
			path = ..;
			sourceTree = "<group>";
		};
		75CE047C1DF56D0A00BBB700 = {
			isa = PBXGroup;
			children = (
				75CE04871DF56D0A00BBB700 /* LeMessenger */,
				754FF6A01DFD7E0B00ACADAC /* MessengerKit */,
				75CE04861DF56D0A00BBB700 /* Products */,
				75CE049D1DF56D4C00BBB700 /* Frameworks */,
			);
			sourceTree = "<group>";
		};
		75CE04861DF56D0A00BBB700 /* Products */ = {
			isa = PBXGroup;
			children = (
				75CE04851DF56D0A00BBB700 /* LeMessenger.app */,
				754FF69F1DFD7E0B00ACADAC /* MessengerKit.framework */,
			);
			name = Products;
			sourceTree = "<group>";
		};
		75CE04871DF56D0A00BBB700 /* LeMessenger */ = {
			isa = PBXGroup;
			children = (
				754FF6FD1DFD9B5D00ACADAC /* Core Data */,
				754FF6F21DFD925300ACADAC /* Controller */,
				75CE04A21DF56D8400BBB700 /* UI */,
				75CE04881DF56D0A00BBB700 /* AppDelegate.swift */,
				75CE048C1DF56D0A00BBB700 /* Main.storyboard */,
				75CE04921DF56D0A00BBB700 /* Assets.xcassets */,
				75CE04971DF56D0A00BBB700 /* Info.plist */,
				75CE048F1DF56D0A00BBB700 /* LeMessenger.xcdatamodeld */,
				75BB075F1DF8C2B500983FAE /* GCD.swift */,
				754FF6921DFC890500ACADAC /* CoreDataStack.swift */,
			);
			path = LeMessenger;
			sourceTree = "<group>";
		};
		75CE049D1DF56D4C00BBB700 /* Frameworks */ = {
			isa = PBXGroup;
			children = (
				75CE04A01DF56D5500BBB700 /* libresolv.9.tbd */,
				75CE049E1DF56D4D00BBB700 /* libmessenger.a */,
			);
			name = Frameworks;
			sourceTree = "<group>";
		};
		75CE04A21DF56D8400BBB700 /* UI */ = {
			isa = PBXGroup;
			children = (
				75CE048A1DF56D0A00BBB700 /* LoginViewController.swift */,
				7562AC0C1DF60AA100FF74DA /* UsersViewController.swift */,
				7562AC0E1DF6D47C00FF74DA /* ChatViewController.swift */,
				754FF6981DFD5D1A00ACADAC /* ServerSettingsViewController.swift */,
			);
			name = UI;
			sourceTree = "<group>";
		};
/* End PBXGroup section */

/* Begin PBXHeadersBuildPhase section */
		754FF69C1DFD7E0B00ACADAC /* Headers */ = {
			isa = PBXHeadersBuildPhase;
			buildActionMask = 2147483647;
			files = (
				754FF6E81DFD84A300ACADAC /* MessageContent+Interop.h in Headers */,
				754FF6D91DFD84A300ACADAC /* MessagesObserver.h in Headers */,
				754FF6D51DFD84A300ACADAC /* Message.h in Headers */,
				754FF6F01DFD84A300ACADAC /* User+Interop.h in Headers */,
				754FF6DC1DFD84A300ACADAC /* Messenger.h in Headers */,
				754FF6EA1DFD84A300ACADAC /* NSMutableArray+Interop.h in Headers */,
				754FF6D41DFD84A300ACADAC /* LoginCallback.h in Headers */,
				754FF6A31DFD7E0B00ACADAC /* MessengerKit.h in Headers */,
				754FF6D71DFD84A300ACADAC /* MessageContent.h in Headers */,
				754FF6E61DFD84A300ACADAC /* Message+Interop.h in Headers */,
				754FF6DE1DFD84A300ACADAC /* RequestUsersCallback.h in Headers */,
				754FF6E21DFD84A300ACADAC /* User.h in Headers */,
				754FF6EC1DFD84A300ACADAC /* NSString+Interop.h in Headers */,
				754FF6EE1DFD84A300ACADAC /* SecurityPolicy+Interop.h in Headers */,
				754FF6E11DFD84A300ACADAC /* Types.h in Headers */,
				754FF6E41DFD84A300ACADAC /* Configuration+Interop.h in Headers */,
				754FF6D11DFD84A300ACADAC /* Configuration.h in Headers */,
				754FF6DF1DFD84A300ACADAC /* SecurityPolicy.h in Headers */,
				754FF6DA1DFD84A300ACADAC /* MessageStatusNotification.h in Headers */,
			);
			runOnlyForDeploymentPostprocessing = 0;
		};
/* End PBXHeadersBuildPhase section */

/* Begin PBXNativeTarget section */
		754FF69E1DFD7E0B00ACADAC /* MessengerKit */ = {
			isa = PBXNativeTarget;
			buildConfigurationList = 754FF6A81DFD7E0B00ACADAC /* Build configuration list for PBXNativeTarget "MessengerKit" */;
			buildPhases = (
				754FF69A1DFD7E0B00ACADAC /* Sources */,
				754FF69B1DFD7E0B00ACADAC /* Frameworks */,
				754FF69C1DFD7E0B00ACADAC /* Headers */,
				754FF69D1DFD7E0B00ACADAC /* Resources */,
			);
			buildRules = (
			);
			dependencies = (
			);
			name = MessengerKit;
			productName = MessengerKit;
			productReference = 754FF69F1DFD7E0B00ACADAC /* MessengerKit.framework */;
			productType = "com.apple.product-type.framework";
		};
		75CE04841DF56D0A00BBB700 /* LeMessenger */ = {
			isa = PBXNativeTarget;
			buildConfigurationList = 75CE049A1DF56D0A00BBB700 /* Build configuration list for PBXNativeTarget "LeMessenger" */;
			buildPhases = (
				75CE04811DF56D0A00BBB700 /* Sources */,
				75CE04821DF56D0A00BBB700 /* Frameworks */,
				75CE04831DF56D0A00BBB700 /* Resources */,
				754FF6AB1DFD7E0B00ACADAC /* Embed Frameworks */,
			);
			buildRules = (
			);
			dependencies = (
				754FF6A51DFD7E0B00ACADAC /* PBXTargetDependency */,
			);
			name = LeMessenger;
			productName = LeMessenger;
			productReference = 75CE04851DF56D0A00BBB700 /* LeMessenger.app */;
			productType = "com.apple.product-type.application";
		};
/* End PBXNativeTarget section */

/* Begin PBXProject section */
		75CE047D1DF56D0A00BBB700 /* Project object */ = {
			isa = PBXProject;
			attributes = {
				LastSwiftUpdateCheck = 0800;
				LastUpgradeCheck = 0800;
				ORGANIZATIONNAME = Kaspersky;
				TargetAttributes = {
					754FF69E1DFD7E0B00ACADAC = {
						CreatedOnToolsVersion = 8.0;
						DevelopmentTeam = G9EJHD637F;
						ProvisioningStyle = Automatic;
					};
					75CE04841DF56D0A00BBB700 = {
						CreatedOnToolsVersion = 8.0;
						DevelopmentTeam = G9EJHD637F;
						LastSwiftMigration = 0800;
						ProvisioningStyle = Automatic;
					};
				};
			};
			buildConfigurationList = 75CE04801DF56D0A00BBB700 /* Build configuration list for PBXProject "LeMessenger" */;
			compatibilityVersion = "Xcode 3.2";
			developmentRegion = English;
			hasScannedForEncodings = 0;
			knownRegions = (
				en,
				Base,
			);
			mainGroup = 75CE047C1DF56D0A00BBB700;
			productRefGroup = 75CE04861DF56D0A00BBB700 /* Products */;
			projectDirPath = "";
			projectRoot = "";
			targets = (
				75CE04841DF56D0A00BBB700 /* LeMessenger */,
				754FF69E1DFD7E0B00ACADAC /* MessengerKit */,
			);
		};
/* End PBXProject section */

/* Begin PBXResourcesBuildPhase section */
		754FF69D1DFD7E0B00ACADAC /* Resources */ = {
			isa = PBXResourcesBuildPhase;
			buildActionMask = 2147483647;
			files = (
			);
			runOnlyForDeploymentPostprocessing = 0;
		};
		75CE04831DF56D0A00BBB700 /* Resources */ = {
			isa = PBXResourcesBuildPhase;
			buildActionMask = 2147483647;
			files = (
				75CE04931DF56D0A00BBB700 /* Assets.xcassets in Resources */,
				75CE048E1DF56D0A00BBB700 /* Main.storyboard in Resources */,
			);
			runOnlyForDeploymentPostprocessing = 0;
		};
/* End PBXResourcesBuildPhase section */

/* Begin PBXSourcesBuildPhase section */
		754FF69A1DFD7E0B00ACADAC /* Sources */ = {
			isa = PBXSourcesBuildPhase;
			buildActionMask = 2147483647;
			files = (
				754FF6E31DFD84A300ACADAC /* User.m in Sources */,
				754FF6EF1DFD84A300ACADAC /* SecurityPolicy+Interop.mm in Sources */,
				754FF6DD1DFD84A300ACADAC /* Messenger.mm in Sources */,
				754FF6D61DFD84A300ACADAC /* Message.m in Sources */,
				754FF6DB1DFD84A300ACADAC /* MessageStatusNotification.m in Sources */,
				754FF6F11DFD84A300ACADAC /* User+Interop.mm in Sources */,
				754FF6E51DFD84A300ACADAC /* Configuration+Interop.mm in Sources */,
				754FF6D21DFD84A300ACADAC /* Configuration.m in Sources */,
				754FF6EB1DFD84A300ACADAC /* NSMutableArray+Interop.mm in Sources */,
				754FF6E91DFD84A300ACADAC /* MessageContent+Interop.mm in Sources */,
				754FF6ED1DFD84A300ACADAC /* NSString+Interop.mm in Sources */,
				754FF6E71DFD84A300ACADAC /* Message+Interop.mm in Sources */,
				754FF6E01DFD84A300ACADAC /* SecurityPolicy.m in Sources */,
				754FF6D81DFD84A300ACADAC /* MessageContent.m in Sources */,
			);
			runOnlyForDeploymentPostprocessing = 0;
		};
		75CE04811DF56D0A00BBB700 /* Sources */ = {
			isa = PBXSourcesBuildPhase;
			buildActionMask = 2147483647;
			files = (
				754FF6931DFC890500ACADAC /* CoreDataStack.swift in Sources */,
				7527EF8C1DFDA5A0009FF0D6 /* Storage.swift in Sources */,
				754FF6F41DFD951500ACADAC /* MessageController.swift in Sources */,
				754FF6991DFD5D1A00ACADAC /* ServerSettingsViewController.swift in Sources */,
				7562AC0D1DF60AA100FF74DA /* UsersViewController.swift in Sources */,
				75CE04911DF56D0A00BBB700 /* LeMessenger.xcdatamodeld in Sources */,
				7527EF8E1DFDC250009FF0D6 /* UserController.swift in Sources */,
				75CE048B1DF56D0A00BBB700 /* LoginViewController.swift in Sources */,
				75BB07601DF8C2B500983FAE /* GCD.swift in Sources */,
				75928F741E00379D00824F6C /* NotificationController.swift in Sources */,
				7527EF891DFDA053009FF0D6 /* AuthController.swift in Sources */,
				75CE04891DF56D0A00BBB700 /* AppDelegate.swift in Sources */,
				7562AC0F1DF6D47C00FF74DA /* ChatViewController.swift in Sources */,
			);
			runOnlyForDeploymentPostprocessing = 0;
		};
/* End PBXSourcesBuildPhase section */

/* Begin PBXTargetDependency section */
		754FF6A51DFD7E0B00ACADAC /* PBXTargetDependency */ = {
			isa = PBXTargetDependency;
			target = 754FF69E1DFD7E0B00ACADAC /* MessengerKit */;
			targetProxy = 754FF6A41DFD7E0B00ACADAC /* PBXContainerItemProxy */;
		};
/* End PBXTargetDependency section */

/* Begin PBXVariantGroup section */
		75CE048C1DF56D0A00BBB700 /* Main.storyboard */ = {
			isa = PBXVariantGroup;
			children = (
				75CE048D1DF56D0A00BBB700 /* Base */,
			);
			name = Main.storyboard;
			sourceTree = "<group>";
		};
/* End PBXVariantGroup section */

/* Begin XCBuildConfiguration section */
		754FF6A91DFD7E0B00ACADAC /* Debug */ = {
			isa = XCBuildConfiguration;
			buildSettings = {
				CODE_SIGN_IDENTITY = "";
				CURRENT_PROJECT_VERSION = 1;
				DEFINES_MODULE = YES;
				DEVELOPMENT_TEAM = G9EJHD637F;
				DYLIB_COMPATIBILITY_VERSION = 1;
				DYLIB_CURRENT_VERSION = 1;
				DYLIB_INSTALL_NAME_BASE = "@rpath";
				ENABLE_BITCODE = NO;
				HEADER_SEARCH_PATHS = (
					"$(inherited)",
					"$(PROJECT_DIR)/LibMessenger/include",
				);
				INFOPLIST_FILE = MessengerKit/Info.plist;
				INSTALL_PATH = "$(LOCAL_LIBRARY_DIR)/Frameworks";
				LD_RUNPATH_SEARCH_PATHS = "$(inherited) @executable_path/Frameworks @loader_path/Frameworks";
				LIBRARY_SEARCH_PATHS = (
					"$(inherited)",
					"$(PROJECT_DIR)/LibMessenger",
				);
				PRODUCT_BUNDLE_IDENTIFIER = com.kaspersky.MessengerKit;
				PRODUCT_NAME = "$(TARGET_NAME)";
				SKIP_INSTALL = YES;
				VERSIONING_SYSTEM = "apple-generic";
				VERSION_INFO_PREFIX = "";
			};
			name = Debug;
		};
		754FF6AA1DFD7E0B00ACADAC /* Release */ = {
			isa = XCBuildConfiguration;
			buildSettings = {
				CODE_SIGN_IDENTITY = "";
				CURRENT_PROJECT_VERSION = 1;
				DEFINES_MODULE = YES;
				DEVELOPMENT_TEAM = G9EJHD637F;
				DYLIB_COMPATIBILITY_VERSION = 1;
				DYLIB_CURRENT_VERSION = 1;
				DYLIB_INSTALL_NAME_BASE = "@rpath";
				ENABLE_BITCODE = NO;
				HEADER_SEARCH_PATHS = (
					"$(inherited)",
					"$(PROJECT_DIR)/LibMessenger/include",
				);
				INFOPLIST_FILE = MessengerKit/Info.plist;
				INSTALL_PATH = "$(LOCAL_LIBRARY_DIR)/Frameworks";
				LD_RUNPATH_SEARCH_PATHS = "$(inherited) @executable_path/Frameworks @loader_path/Frameworks";
				LIBRARY_SEARCH_PATHS = (
					"$(inherited)",
					"$(PROJECT_DIR)/LibMessenger",
				);
				PRODUCT_BUNDLE_IDENTIFIER = com.kaspersky.MessengerKit;
				PRODUCT_NAME = "$(TARGET_NAME)";
				SKIP_INSTALL = YES;
				VERSIONING_SYSTEM = "apple-generic";
				VERSION_INFO_PREFIX = "";
			};
			name = Release;
		};
		75CE04981DF56D0A00BBB700 /* Debug */ = {
			isa = XCBuildConfiguration;
			buildSettings = {
				ALWAYS_SEARCH_USER_PATHS = NO;
				CLANG_ANALYZER_NONNULL = YES;
				CLANG_CXX_LANGUAGE_STANDARD = "gnu++0x";
				CLANG_CXX_LIBRARY = "libc++";
				CLANG_ENABLE_MODULES = YES;
				CLANG_ENABLE_OBJC_ARC = YES;
				CLANG_WARN_BOOL_CONVERSION = YES;
				CLANG_WARN_CONSTANT_CONVERSION = YES;
				CLANG_WARN_DIRECT_OBJC_ISA_USAGE = YES_ERROR;
				CLANG_WARN_DOCUMENTATION_COMMENTS = YES;
				CLANG_WARN_EMPTY_BODY = YES;
				CLANG_WARN_ENUM_CONVERSION = YES;
				CLANG_WARN_INFINITE_RECURSION = YES;
				CLANG_WARN_INT_CONVERSION = YES;
				CLANG_WARN_OBJC_ROOT_CLASS = YES_ERROR;
				CLANG_WARN_SUSPICIOUS_MOVES = YES;
				CLANG_WARN_UNREACHABLE_CODE = YES;
				CLANG_WARN__DUPLICATE_METHOD_MATCH = YES;
				"CODE_SIGN_IDENTITY[sdk=iphoneos*]" = "iPhone Developer";
				COPY_PHASE_STRIP = NO;
				DEBUG_INFORMATION_FORMAT = dwarf;
				ENABLE_STRICT_OBJC_MSGSEND = YES;
				ENABLE_TESTABILITY = YES;
				GCC_C_LANGUAGE_STANDARD = gnu99;
				GCC_DYNAMIC_NO_PIC = NO;
				GCC_NO_COMMON_BLOCKS = YES;
				GCC_OPTIMIZATION_LEVEL = 0;
				GCC_PREPROCESSOR_DEFINITIONS = (
					"DEBUG=1",
					"$(inherited)",
				);
				GCC_WARN_64_TO_32_BIT_CONVERSION = YES;
				GCC_WARN_ABOUT_RETURN_TYPE = YES_ERROR;
				GCC_WARN_UNDECLARED_SELECTOR = YES;
				GCC_WARN_UNINITIALIZED_AUTOS = YES_AGGRESSIVE;
				GCC_WARN_UNUSED_FUNCTION = YES;
				GCC_WARN_UNUSED_VARIABLE = YES;
				IPHONEOS_DEPLOYMENT_TARGET = 10.0;
				MTL_ENABLE_DEBUG_INFO = YES;
				ONLY_ACTIVE_ARCH = YES;
				SDKROOT = iphoneos;
				SWIFT_ACTIVE_COMPILATION_CONDITIONS = DEBUG;
				SWIFT_OBJC_BRIDGING_HEADER = "/LeMessenger/LeMessenger-Bridging-Header.h";
				SWIFT_OPTIMIZATION_LEVEL = "-Onone";
				TARGETED_DEVICE_FAMILY = "1,2";
			};
			name = Debug;
		};
		75CE04991DF56D0A00BBB700 /* Release */ = {
			isa = XCBuildConfiguration;
			buildSettings = {
				ALWAYS_SEARCH_USER_PATHS = NO;
				CLANG_ANALYZER_NONNULL = YES;
				CLANG_CXX_LANGUAGE_STANDARD = "gnu++0x";
				CLANG_CXX_LIBRARY = "libc++";
				CLANG_ENABLE_MODULES = YES;
				CLANG_ENABLE_OBJC_ARC = YES;
				CLANG_WARN_BOOL_CONVERSION = YES;
				CLANG_WARN_CONSTANT_CONVERSION = YES;
				CLANG_WARN_DIRECT_OBJC_ISA_USAGE = YES_ERROR;
				CLANG_WARN_DOCUMENTATION_COMMENTS = YES;
				CLANG_WARN_EMPTY_BODY = YES;
				CLANG_WARN_ENUM_CONVERSION = YES;
				CLANG_WARN_INFINITE_RECURSION = YES;
				CLANG_WARN_INT_CONVERSION = YES;
				CLANG_WARN_OBJC_ROOT_CLASS = YES_ERROR;
				CLANG_WARN_SUSPICIOUS_MOVES = YES;
				CLANG_WARN_UNREACHABLE_CODE = YES;
				CLANG_WARN__DUPLICATE_METHOD_MATCH = YES;
				"CODE_SIGN_IDENTITY[sdk=iphoneos*]" = "iPhone Developer";
				COPY_PHASE_STRIP = NO;
				DEBUG_INFORMATION_FORMAT = "dwarf-with-dsym";
				ENABLE_NS_ASSERTIONS = NO;
				ENABLE_STRICT_OBJC_MSGSEND = YES;
				GCC_C_LANGUAGE_STANDARD = gnu99;
				GCC_NO_COMMON_BLOCKS = YES;
				GCC_WARN_64_TO_32_BIT_CONVERSION = YES;
				GCC_WARN_ABOUT_RETURN_TYPE = YES_ERROR;
				GCC_WARN_UNDECLARED_SELECTOR = YES;
				GCC_WARN_UNINITIALIZED_AUTOS = YES_AGGRESSIVE;
				GCC_WARN_UNUSED_FUNCTION = YES;
				GCC_WARN_UNUSED_VARIABLE = YES;
				IPHONEOS_DEPLOYMENT_TARGET = 10.0;
				MTL_ENABLE_DEBUG_INFO = NO;
				SDKROOT = iphoneos;
				SWIFT_OBJC_BRIDGING_HEADER = "/LeMessenger/LeMessenger-Bridging-Header.h";
				SWIFT_OPTIMIZATION_LEVEL = "-Owholemodule";
				TARGETED_DEVICE_FAMILY = "1,2";
				VALIDATE_PRODUCT = YES;
			};
			name = Release;
		};
		75CE049B1DF56D0A00BBB700 /* Debug */ = {
			isa = XCBuildConfiguration;
			buildSettings = {
				ASSETCATALOG_COMPILER_APPICON_NAME = AppIcon;
				CLANG_ENABLE_MODULES = YES;
				DEVELOPMENT_TEAM = G9EJHD637F;
				ENABLE_BITCODE = NO;
				FRAMEWORK_SEARCH_PATHS = "${TARGET_BUILD_DIR}/MessengerKit.framework";
				HEADER_SEARCH_PATHS = (
					"$(inherited)",
					"$(PROJECT_DIR)/LibMessenger/include",
				);
				INFOPLIST_FILE = LeMessenger/Info.plist;
				LD_RUNPATH_SEARCH_PATHS = "$(inherited) @executable_path/Frameworks";
				LIBRARY_SEARCH_PATHS = (
					"$(inherited)",
					"$(PROJECT_DIR)/LibMessenger",
				);
				PRODUCT_BUNDLE_IDENTIFIER = com.kaspersky.LeMessenger;
				PRODUCT_NAME = "$(TARGET_NAME)";
				SWIFT_OBJC_BRIDGING_HEADER = "LeMessenger/LeMessenger-Bridging-Header.h";
				SWIFT_OPTIMIZATION_LEVEL = "-Onone";
				SWIFT_VERSION = 3.0;
			};
			name = Debug;
		};
		75CE049C1DF56D0A00BBB700 /* Release */ = {
			isa = XCBuildConfiguration;
			buildSettings = {
				ASSETCATALOG_COMPILER_APPICON_NAME = AppIcon;
				CLANG_ENABLE_MODULES = YES;
				DEVELOPMENT_TEAM = G9EJHD637F;
				ENABLE_BITCODE = NO;
				FRAMEWORK_SEARCH_PATHS = "${TARGET_BUILD_DIR}/MessengerKit.framework";
				HEADER_SEARCH_PATHS = (
					"$(inherited)",
					"$(PROJECT_DIR)/LibMessenger/include",
				);
				INFOPLIST_FILE = LeMessenger/Info.plist;
				LD_RUNPATH_SEARCH_PATHS = "$(inherited) @executable_path/Frameworks";
				LIBRARY_SEARCH_PATHS = (
					"$(inherited)",
					"$(PROJECT_DIR)/LibMessenger",
				);
				PRODUCT_BUNDLE_IDENTIFIER = com.kaspersky.LeMessenger;
				PRODUCT_NAME = "$(TARGET_NAME)";
				SWIFT_OBJC_BRIDGING_HEADER = "LeMessenger/LeMessenger-Bridging-Header.h";
				SWIFT_VERSION = 3.0;
			};
			name = Release;
		};
/* End XCBuildConfiguration section */

/* Begin XCConfigurationList section */
		754FF6A81DFD7E0B00ACADAC /* Build configuration list for PBXNativeTarget "MessengerKit" */ = {
			isa = XCConfigurationList;
			buildConfigurations = (
				754FF6A91DFD7E0B00ACADAC /* Debug */,
				754FF6AA1DFD7E0B00ACADAC /* Release */,
			);
			defaultConfigurationIsVisible = 0;
			defaultConfigurationName = Release;
		};
		75CE04801DF56D0A00BBB700 /* Build configuration list for PBXProject "LeMessenger" */ = {
			isa = XCConfigurationList;
			buildConfigurations = (
				75CE04981DF56D0A00BBB700 /* Debug */,
				75CE04991DF56D0A00BBB700 /* Release */,
			);
			defaultConfigurationIsVisible = 0;
			defaultConfigurationName = Release;
		};
		75CE049A1DF56D0A00BBB700 /* Build configuration list for PBXNativeTarget "LeMessenger" */ = {
			isa = XCConfigurationList;
			buildConfigurations = (
				75CE049B1DF56D0A00BBB700 /* Debug */,
				75CE049C1DF56D0A00BBB700 /* Release */,
			);
			defaultConfigurationIsVisible = 0;
			defaultConfigurationName = Release;
		};
/* End XCConfigurationList section */

/* Begin XCVersionGroup section */
		75CE048F1DF56D0A00BBB700 /* LeMessenger.xcdatamodeld */ = {
			isa = XCVersionGroup;
			children = (
				75CE04901DF56D0A00BBB700 /* LeMessenger.xcdatamodel */,
			);
			currentVersion = 75CE04901DF56D0A00BBB700 /* LeMessenger.xcdatamodel */;
			path = LeMessenger.xcdatamodeld;
			sourceTree = "<group>";
			versionGroupType = wrapper.xcdatamodel;
		};
/* End XCVersionGroup section */
	};
	rootObject = 75CE047D1DF56D0A00BBB700 /* Project object */;
}
